
Microsoft Visual Studio Solution File, Format Version 12.00
# Visual Studio Version 17
VisualStudioVersion = 17.0.32014.148
MinimumVisualStudioVersion = 10.0.40219.1
Project("{9A19103F-16F7-4668-BE54-9A1E7A4F7556}") = "Asktosimon.Metanit", "Asktosimon.Metanit\Asktosimon.Metanit.csproj", "{D291A466-300B-4012-83E4-B2E32E80EAB3}"
EndProject
Project("{9A19103F-16F7-4668-BE54-9A1E7A4F7556}") = "teory", "teory\teory.csproj", "{E322ED04-33FC-4DB2-BEDD-400C86B4A1DF}"
EndProject
Project("{9A19103F-16F7-4668-BE54-9A1E7A4F7556}") = "Metan", "Metan\Metan.csproj", "{1A1047B0-E7C0-47EA-906F-E6770778DAAF}"
EndProject
Project("{9A19103F-16F7-4668-BE54-9A1E7A4F7556}") = "sendBox", "sendBox\sendBox.csproj", "{0D5D718D-BEDF-4D9D-9983-4F3E7EA25027}"
EndProject
Project("{9A19103F-16F7-4668-BE54-9A1E7A4F7556}") = "Server", "Server\Server.csproj", "{7F3FA778-B5F0-4CA5-9A47-C03BD40B0EFB}"
EndProject
Project("{9A19103F-16F7-4668-BE54-9A1E7A4F7556}") = "ServerAPI", "ServerAPI\ServerAPI.csproj", "{B3F7CAE7-82C9-4B81-B376-133954B9D46C}"
EndProject
Project("{FAE04EC0-301F-11D3-BF4B-00C04F79EFBC}") = "TEST", "TEST\TEST.csproj", "{F9D4E7EF-5B47-4D9A-9CEA-5DFBA8A89A8F}"
EndProject
Global
	GlobalSection(SolutionConfigurationPlatforms) = preSolution
		Debug|Any CPU = Debug|Any CPU
		Release|Any CPU = Release|Any CPU
	EndGlobalSection
	GlobalSection(ProjectConfigurationPlatforms) = postSolution
		{D291A466-300B-4012-83E4-B2E32E80EAB3}.Debug|Any CPU.ActiveCfg = Debug|Any CPU
		{D291A466-300B-4012-83E4-B2E32E80EAB3}.Debug|Any CPU.Build.0 = Debug|Any CPU
		{D291A466-300B-4012-83E4-B2E32E80EAB3}.Release|Any CPU.ActiveCfg = Release|Any CPU
		{D291A466-300B-4012-83E4-B2E32E80EAB3}.Release|Any CPU.Build.0 = Release|Any CPU
		{E322ED04-33FC-4DB2-BEDD-400C86B4A1DF}.Debug|Any CPU.ActiveCfg = Debug|Any CPU
		{E322ED04-33FC-4DB2-BEDD-400C86B4A1DF}.Debug|Any CPU.Build.0 = Debug|Any CPU
		{E322ED04-33FC-4DB2-BEDD-400C86B4A1DF}.Release|Any CPU.ActiveCfg = Release|Any CPU
		{E322ED04-33FC-4DB2-BEDD-400C86B4A1DF}.Release|Any CPU.Build.0 = Release|Any CPU
		{1A1047B0-E7C0-47EA-906F-E6770778DAAF}.Debug|Any CPU.ActiveCfg = Debug|Any CPU
		{1A1047B0-E7C0-47EA-906F-E6770778DAAF}.Debug|Any CPU.Build.0 = Debug|Any CPU
		{1A1047B0-E7C0-47EA-906F-E6770778DAAF}.Release|Any CPU.ActiveCfg = Release|Any CPU
		{1A1047B0-E7C0-47EA-906F-E6770778DAAF}.Release|Any CPU.Build.0 = Release|Any CPU
		{0D5D718D-BEDF-4D9D-9983-4F3E7EA25027}.Debug|Any CPU.ActiveCfg = Debug|Any CPU
		{0D5D718D-BEDF-4D9D-9983-4F3E7EA25027}.Debug|Any CPU.Build.0 = Debug|Any CPU
		{0D5D718D-BEDF-4D9D-9983-4F3E7EA25027}.Release|Any CPU.ActiveCfg = Release|Any CPU
		{0D5D718D-BEDF-4D9D-9983-4F3E7EA25027}.Release|Any CPU.Build.0 = Release|Any CPU
		{7F3FA778-B5F0-4CA5-9A47-C03BD40B0EFB}.Debug|Any CPU.ActiveCfg = Debug|Any CPU
		{7F3FA778-B5F0-4CA5-9A47-C03BD40B0EFB}.Debug|Any CPU.Build.0 = Debug|Any CPU
		{7F3FA778-B5F0-4CA5-9A47-C03BD40B0EFB}.Release|Any CPU.ActiveCfg = Release|Any CPU
		{7F3FA778-B5F0-4CA5-9A47-C03BD40B0EFB}.Release|Any CPU.Build.0 = Release|Any CPU
		{B3F7CAE7-82C9-4B81-B376-133954B9D46C}.Debug|Any CPU.ActiveCfg = Debug|Any CPU
		{B3F7CAE7-82C9-4B81-B376-133954B9D46C}.Debug|Any CPU.Build.0 = Debug|Any CPU
		{B3F7CAE7-82C9-4B81-B376-133954B9D46C}.Release|Any CPU.ActiveCfg = Release|Any CPU
		{B3F7CAE7-82C9-4B81-B376-133954B9D46C}.Release|Any CPU.Build.0 = Release|Any CPU
		{F9D4E7EF-5B47-4D9A-9CEA-5DFBA8A89A8F}.Debug|Any CPU.ActiveCfg = Debug|Any CPU
		{F9D4E7EF-5B47-4D9A-9CEA-5DFBA8A89A8F}.Debug|Any CPU.Build.0 = Debug|Any CPU
		{F9D4E7EF-5B47-4D9A-9CEA-5DFBA8A89A8F}.Release|Any CPU.ActiveCfg = Release|Any CPU
		{F9D4E7EF-5B47-4D9A-9CEA-5DFBA8A89A8F}.Release|Any CPU.Build.0 = Release|Any CPU
	EndGlobalSection
	GlobalSection(SolutionProperties) = preSolution
		HideSolutionNode = FALSE
	EndGlobalSection
	GlobalSection(ExtensibilityGlobals) = postSolution
		SolutionGuid = {C693A9CB-F512-4777-B0DF-F06301B7791D}
	EndGlobalSection
EndGlobal
